
Microsoft Visual Studio Solution File, Format Version 12.00
# Visual Studio 15
VisualStudioVersion = 15.0.28010.2041
MinimumVisualStudioVersion = 10.0.40219.1
Project("{FAE04EC0-301F-11D3-BF4B-00C04F79EFBC}") = "ColumnDesign", "ColumnDesign\ColumnDesign.csproj", "{078FAE2D-D63B-416E-8B6F-9D7D5CAA2DAA}"
	ProjectSection(ProjectDependencies) = postProject
		{0FA33EEB-EFCE-48F9-89A2-1BC73FEBB903} = {0FA33EEB-EFCE-48F9-89A2-1BC73FEBB903}
	EndProjectSection
EndProject
Project("{FAE04EC0-301F-11D3-BF4B-00C04F79EFBC}") = "FireDesign", "FireDesign\FireDesign.csproj", "{0FA33EEB-EFCE-48F9-89A2-1BC73FEBB903}"
EndProject
Global
	GlobalSection(SolutionConfigurationPlatforms) = preSolution
		Debug|Any CPU = Debug|Any CPU
		Release|Any CPU = Release|Any CPU
	EndGlobalSection
	GlobalSection(ProjectConfigurationPlatforms) = postSolution
		{078FAE2D-D63B-416E-8B6F-9D7D5CAA2DAA}.Debug|Any CPU.ActiveCfg = Debug|Any CPU
		{078FAE2D-D63B-416E-8B6F-9D7D5CAA2DAA}.Debug|Any CPU.Build.0 = Debug|Any CPU
		{078FAE2D-D63B-416E-8B6F-9D7D5CAA2DAA}.Release|Any CPU.ActiveCfg = Release|Any CPU
		{078FAE2D-D63B-416E-8B6F-9D7D5CAA2DAA}.Release|Any CPU.Build.0 = Release|Any CPU
		{0FA33EEB-EFCE-48F9-89A2-1BC73FEBB903}.Debug|Any CPU.ActiveCfg = Debug|Any CPU
		{0FA33EEB-EFCE-48F9-89A2-1BC73FEBB903}.Debug|Any CPU.Build.0 = Debug|Any CPU
		{0FA33EEB-EFCE-48F9-89A2-1BC73FEBB903}.Release|Any CPU.ActiveCfg = Release|Any CPU
		{0FA33EEB-EFCE-48F9-89A2-1BC73FEBB903}.Release|Any CPU.Build.0 = Release|Any CPU
	EndGlobalSection
	GlobalSection(SolutionProperties) = preSolution
		HideSolutionNode = FALSE
	EndGlobalSection
	GlobalSection(ExtensibilityGlobals) = postSolution
		SolutionGuid = {9B260DF5-D1E4-4432-9B4C-6A89AB08A7D7}
	EndGlobalSection
EndGlobal
