
Microsoft Visual Studio Solution File, Format Version 12.00
# Visual Studio Version 16
VisualStudioVersion = 16.0.30320.27
MinimumVisualStudioVersion = 10.0.40219.1
Project("{FAE04EC0-301F-11D3-BF4B-00C04F79EFBC}") = "ColumnDesign", "ColumnDesign\ColumnDesign.csproj", "{078FAE2D-D63B-416E-8B6F-9D7D5CAA2DAA}"
EndProject
Project("{9A19103F-16F7-4668-BE54-9A1E7A4F7556}") = "ColumnDesignCalcs", "ColumnDesignCalcs\ColumnDesignCalcs.csproj", "{E79E5EDD-7597-4224-8545-526570DCF30E}"
EndProject
Project("{9A19103F-16F7-4668-BE54-9A1E7A4F7556}") = "BatchDesign", "BatchDesign\BatchDesign.csproj", "{96DFD54E-C3D4-4BFA-BAAE-4F4155FB27BD}"
EndProject
Project("{FAE04EC0-301F-11D3-BF4B-00C04F79EFBC}") = "Optimisation", "Optimisation\Optimisation.csproj", "{F72E1631-AA40-438E-9989-DB6F1E74ED5F}"
EndProject
Global
	GlobalSection(SolutionConfigurationPlatforms) = preSolution
		Debug|Any CPU = Debug|Any CPU
		Release|Any CPU = Release|Any CPU
	EndGlobalSection
	GlobalSection(ProjectConfigurationPlatforms) = postSolution
		{078FAE2D-D63B-416E-8B6F-9D7D5CAA2DAA}.Debug|Any CPU.ActiveCfg = Debug|Any CPU
		{078FAE2D-D63B-416E-8B6F-9D7D5CAA2DAA}.Debug|Any CPU.Build.0 = Debug|Any CPU
		{078FAE2D-D63B-416E-8B6F-9D7D5CAA2DAA}.Release|Any CPU.ActiveCfg = Release|Any CPU
		{078FAE2D-D63B-416E-8B6F-9D7D5CAA2DAA}.Release|Any CPU.Build.0 = Release|Any CPU
		{E79E5EDD-7597-4224-8545-526570DCF30E}.Debug|Any CPU.ActiveCfg = Debug|Any CPU
		{E79E5EDD-7597-4224-8545-526570DCF30E}.Debug|Any CPU.Build.0 = Debug|Any CPU
		{E79E5EDD-7597-4224-8545-526570DCF30E}.Release|Any CPU.ActiveCfg = Release|Any CPU
		{E79E5EDD-7597-4224-8545-526570DCF30E}.Release|Any CPU.Build.0 = Release|Any CPU
		{96DFD54E-C3D4-4BFA-BAAE-4F4155FB27BD}.Debug|Any CPU.ActiveCfg = Debug|Any CPU
		{96DFD54E-C3D4-4BFA-BAAE-4F4155FB27BD}.Debug|Any CPU.Build.0 = Debug|Any CPU
		{96DFD54E-C3D4-4BFA-BAAE-4F4155FB27BD}.Release|Any CPU.ActiveCfg = Release|Any CPU
		{96DFD54E-C3D4-4BFA-BAAE-4F4155FB27BD}.Release|Any CPU.Build.0 = Release|Any CPU
		{F72E1631-AA40-438E-9989-DB6F1E74ED5F}.Debug|Any CPU.ActiveCfg = Debug|Any CPU
		{F72E1631-AA40-438E-9989-DB6F1E74ED5F}.Debug|Any CPU.Build.0 = Debug|Any CPU
		{F72E1631-AA40-438E-9989-DB6F1E74ED5F}.Release|Any CPU.ActiveCfg = Release|Any CPU
		{F72E1631-AA40-438E-9989-DB6F1E74ED5F}.Release|Any CPU.Build.0 = Release|Any CPU
	EndGlobalSection
	GlobalSection(SolutionProperties) = preSolution
		HideSolutionNode = FALSE
	EndGlobalSection
	GlobalSection(ExtensibilityGlobals) = postSolution
		SolutionGuid = {9B260DF5-D1E4-4432-9B4C-6A89AB08A7D7}
	EndGlobalSection
EndGlobal
